// !$*UTF8*$!
{
	archiveVersion = 1;
	classes = {
	};
	objectVersion = 46;
	objects = {

/* Begin PBXBuildFile section */
		DD1EB522D0A54AE284BFB86C /* Attachment.swift in Sources */ = {isa = PBXBuildFile; fileRef = DD1EBBF12BCB9F1FB18CBB37 /* Attachment.swift */; };
		DD1EBF55B376779DC3A5ADBA /* NoteWithAttachmentsPresenter.swift in Sources */ = {isa = PBXBuildFile; fileRef = DD1EBE598481EA0D5E194F0D /* NoteWithAttachmentsPresenter.swift */; };
		E7507FEB1E3ADA5E004F0826 /* AppDelegate.swift in Sources */ = {isa = PBXBuildFile; fileRef = E7507FEA1E3ADA5E004F0826 /* AppDelegate.swift */; };
		E7507FED1E3ADA5E004F0826 /* ViewController.swift in Sources */ = {isa = PBXBuildFile; fileRef = E7507FEC1E3ADA5E004F0826 /* ViewController.swift */; };
		E7507FF01E3ADA5E004F0826 /* Main.storyboard in Resources */ = {isa = PBXBuildFile; fileRef = E7507FEE1E3ADA5E004F0826 /* Main.storyboard */; };
		E7507FF21E3ADA5E004F0826 /* Assets.xcassets in Resources */ = {isa = PBXBuildFile; fileRef = E7507FF11E3ADA5E004F0826 /* Assets.xcassets */; };
		E7507FF51E3ADA5E004F0826 /* LaunchScreen.storyboard in Resources */ = {isa = PBXBuildFile; fileRef = E7507FF31E3ADA5E004F0826 /* LaunchScreen.storyboard */; };
		E75080021E3ADAFA004F0826 /* attribution.txt in Resources */ = {isa = PBXBuildFile; fileRef = E7507FFA1E3ADAFA004F0826 /* attribution.txt */; };
		E75080031E3ADAFA004F0826 /* CoreDataStack.swift in Sources */ = {isa = PBXBuildFile; fileRef = E7507FFB1E3ADAFA004F0826 /* CoreDataStack.swift */; };
		E75080041E3ADAFA004F0826 /* seed.json in Resources */ = {isa = PBXBuildFile; fileRef = E7507FFC1E3ADAFA004F0826 /* seed.json */; };
		E75080051E3ADAFA004F0826 /* Team+CoreDataClass.swift in Sources */ = {isa = PBXBuildFile; fileRef = E7507FFD1E3ADAFA004F0826 /* Team+CoreDataClass.swift */; };
		E75080061E3ADAFA004F0826 /* Team+CoreDataProperties.swift in Sources */ = {isa = PBXBuildFile; fileRef = E7507FFE1E3ADAFA004F0826 /* Team+CoreDataProperties.swift */; };
		E75080071E3ADAFA004F0826 /* TeamCell.swift in Sources */ = {isa = PBXBuildFile; fileRef = E7507FFF1E3ADAFA004F0826 /* TeamCell.swift */; };
		E75080081E3ADAFA004F0826 /* WorldCup.xcdatamodeld in Sources */ = {isa = PBXBuildFile; fileRef = E75080001E3ADAFA004F0826 /* WorldCup.xcdatamodeld */; };
		E75080161E3BCB60004F0826 /* AppDelegate.swift in Sources */ = {isa = PBXBuildFile; fileRef = E75080151E3BCB60004F0826 /* AppDelegate.swift */; };
		E750801B1E3BCB60004F0826 /* Main.storyboard in Resources */ = {isa = PBXBuildFile; fileRef = E75080191E3BCB60004F0826 /* Main.storyboard */; };
		E750801D1E3BCB60004F0826 /* Assets.xcassets in Resources */ = {isa = PBXBuildFile; fileRef = E750801C1E3BCB60004F0826 /* Assets.xcassets */; };
		E75080201E3BCB60004F0826 /* LaunchScreen.storyboard in Resources */ = {isa = PBXBuildFile; fileRef = E750801E1E3BCB60004F0826 /* LaunchScreen.storyboard */; };
		E75080321E3BCD4D004F0826 /* AttachPhotoViewController.swift in Sources */ = {isa = PBXBuildFile; fileRef = E75080251E3BCD4C004F0826 /* AttachPhotoViewController.swift */; };
		E75080331E3BCD4D004F0826 /* CoreDataStack.swift in Sources */ = {isa = PBXBuildFile; fileRef = E75080261E3BCD4C004F0826 /* CoreDataStack.swift */; };
		E75080341E3BCD4D004F0826 /* CreateNoteViewController.swift in Sources */ = {isa = PBXBuildFile; fileRef = E75080271E3BCD4D004F0826 /* CreateNoteViewController.swift */; };
		E75080351E3BCD4D004F0826 /* ImageTransformer.swift in Sources */ = {isa = PBXBuildFile; fileRef = E75080281E3BCD4D004F0826 /* ImageTransformer.swift */; };
		E75080361E3BCD4D004F0826 /* Note.swift in Sources */ = {isa = PBXBuildFile; fileRef = E75080291E3BCD4D004F0826 /* Note.swift */; };
		E75080371E3BCD4D004F0826 /* NoteDetailViewController.swift in Sources */ = {isa = PBXBuildFile; fileRef = E750802A1E3BCD4D004F0826 /* NoteDetailViewController.swift */; };
		E75080381E3BCD4D004F0826 /* NoteImageTableViewCell.swift in Sources */ = {isa = PBXBuildFile; fileRef = E750802B1E3BCD4D004F0826 /* NoteImageTableViewCell.swift */; };
		E75080391E3BCD4D004F0826 /* NotesListViewController.swift in Sources */ = {isa = PBXBuildFile; fileRef = E750802C1E3BCD4D004F0826 /* NotesListViewController.swift */; };
		E750803A1E3BCD4D004F0826 /* NoteTableViewCell.swift in Sources */ = {isa = PBXBuildFile; fileRef = E750802E1E3BCD4D004F0826 /* NoteTableViewCell.swift */; };
		E750803B1E3BCD4D004F0826 /* UnCloudNotesDataModel.xcdatamodeld in Sources */ = {isa = PBXBuildFile; fileRef = E75080301E3BCD4D004F0826 /* UnCloudNotesDataModel.xcdatamodeld */; };
		E76DCCD21E36A44C00E1CB02 /* AppDelegate.swift in Sources */ = {isa = PBXBuildFile; fileRef = E76DCCD11E36A44C00E1CB02 /* AppDelegate.swift */; };
		E76DCCD41E36A44C00E1CB02 /* ViewController.swift in Sources */ = {isa = PBXBuildFile; fileRef = E76DCCD31E36A44C00E1CB02 /* ViewController.swift */; };
		E76DCCD71E36A44C00E1CB02 /* Main.storyboard in Resources */ = {isa = PBXBuildFile; fileRef = E76DCCD51E36A44C00E1CB02 /* Main.storyboard */; };
		E76DCCDA1E36A44C00E1CB02 /* HitList.xcdatamodeld in Sources */ = {isa = PBXBuildFile; fileRef = E76DCCD81E36A44C00E1CB02 /* HitList.xcdatamodeld */; };
		E76DCCDC1E36A44C00E1CB02 /* Assets.xcassets in Resources */ = {isa = PBXBuildFile; fileRef = E76DCCDB1E36A44C00E1CB02 /* Assets.xcassets */; };
		E76DCCDF1E36A44C00E1CB02 /* LaunchScreen.storyboard in Resources */ = {isa = PBXBuildFile; fileRef = E76DCCDD1E36A44C00E1CB02 /* LaunchScreen.storyboard */; };
		E76DCD041E36DA4E00E1CB02 /* AppDelegate.swift in Sources */ = {isa = PBXBuildFile; fileRef = E76DCD031E36DA4E00E1CB02 /* AppDelegate.swift */; };
		E76DCD061E36DA4E00E1CB02 /* ViewController.swift in Sources */ = {isa = PBXBuildFile; fileRef = E76DCD051E36DA4E00E1CB02 /* ViewController.swift */; };
		E76DCD091E36DA4E00E1CB02 /* Main.storyboard in Resources */ = {isa = PBXBuildFile; fileRef = E76DCD071E36DA4E00E1CB02 /* Main.storyboard */; };
		E76DCD0C1E36DA4E00E1CB02 /* Bow_Ties.xcdatamodeld in Sources */ = {isa = PBXBuildFile; fileRef = E76DCD0A1E36DA4E00E1CB02 /* Bow_Ties.xcdatamodeld */; };
		E76DCD0E1E36DA4E00E1CB02 /* Assets.xcassets in Resources */ = {isa = PBXBuildFile; fileRef = E76DCD0D1E36DA4E00E1CB02 /* Assets.xcassets */; };
		E76DCD111E36DA4E00E1CB02 /* LaunchScreen.storyboard in Resources */ = {isa = PBXBuildFile; fileRef = E76DCD0F1E36DA4E00E1CB02 /* LaunchScreen.storyboard */; };
		E76DCD201E36E37000E1CB02 /* Bowtie+CoreDataClass.swift in Sources */ = {isa = PBXBuildFile; fileRef = E76DCD1E1E36E37000E1CB02 /* Bowtie+CoreDataClass.swift */; };
		E76DCD211E36E37000E1CB02 /* Bowtie+CoreDataProperties.swift in Sources */ = {isa = PBXBuildFile; fileRef = E76DCD1F1E36E37000E1CB02 /* Bowtie+CoreDataProperties.swift */; };
		E76DCD231E36E8B400E1CB02 /* SampleData.plist in Resources */ = {isa = PBXBuildFile; fileRef = E76DCD221E36E8B400E1CB02 /* SampleData.plist */; };
		E77C4B0C1E4D226500E7767A /* NoteWithAttachmentsDetailViewController.swift in Sources */ = {isa = PBXBuildFile; fileRef = E77C4B0B1E4D226500E7767A /* NoteWithAttachmentsDetailViewController.swift */; };
		E7D565B51E37A69B004DC662 /* AppDelegate.swift in Sources */ = {isa = PBXBuildFile; fileRef = E7D565B41E37A69B004DC662 /* AppDelegate.swift */; };
		E7D565B71E37A69B004DC662 /* ViewController.swift in Sources */ = {isa = PBXBuildFile; fileRef = E7D565B61E37A69B004DC662 /* ViewController.swift */; };
		E7D565BA1E37A69B004DC662 /* Main.storyboard in Resources */ = {isa = PBXBuildFile; fileRef = E7D565B81E37A69B004DC662 /* Main.storyboard */; };
		E7D565BC1E37A69B004DC662 /* Assets.xcassets in Resources */ = {isa = PBXBuildFile; fileRef = E7D565BB1E37A69B004DC662 /* Assets.xcassets */; };
		E7D565BF1E37A69B004DC662 /* LaunchScreen.storyboard in Resources */ = {isa = PBXBuildFile; fileRef = E7D565BD1E37A69B004DC662 /* LaunchScreen.storyboard */; };
		E7D565C51E37B765004DC662 /* CoreDataStack.swift in Sources */ = {isa = PBXBuildFile; fileRef = E7D565C41E37B765004DC662 /* CoreDataStack.swift */; };
		E7D565C81E37BC0C004DC662 /* Dog Walk.xcdatamodeld in Sources */ = {isa = PBXBuildFile; fileRef = E7D565C61E37BC0C004DC662 /* Dog Walk.xcdatamodeld */; };
		E7D565CD1E37BD25004DC662 /* Walk+CoreDataClass.swift in Sources */ = {isa = PBXBuildFile; fileRef = E7D565C91E37BD25004DC662 /* Walk+CoreDataClass.swift */; };
		E7D565CE1E37BD25004DC662 /* Walk+CoreDataProperties.swift in Sources */ = {isa = PBXBuildFile; fileRef = E7D565CA1E37BD25004DC662 /* Walk+CoreDataProperties.swift */; };
		E7D565CF1E37BD25004DC662 /* Dog+CoreDataClass.swift in Sources */ = {isa = PBXBuildFile; fileRef = E7D565CB1E37BD25004DC662 /* Dog+CoreDataClass.swift */; };
		E7D565D01E37BD25004DC662 /* Dog+CoreDataProperties.swift in Sources */ = {isa = PBXBuildFile; fileRef = E7D565CC1E37BD25004DC662 /* Dog+CoreDataProperties.swift */; };
		E7D566481E37E517004DC662 /* Bubble_Tea_Finder.xcdatamodeld in Sources */ = {isa = PBXBuildFile; fileRef = E7D5663F1E37E517004DC662 /* Bubble_Tea_Finder.xcdatamodeld */; };
		E7D566491E37E517004DC662 /* AppDelegate.swift in Sources */ = {isa = PBXBuildFile; fileRef = E7D566411E37E517004DC662 /* AppDelegate.swift */; };
		E7D5664A1E37E517004DC662 /* attribution.txt in Resources */ = {isa = PBXBuildFile; fileRef = E7D566421E37E517004DC662 /* attribution.txt */; };
		E7D5664B1E37E517004DC662 /* CoreDataStack.swift in Sources */ = {isa = PBXBuildFile; fileRef = E7D566431E37E517004DC662 /* CoreDataStack.swift */; };
		E7D5664C1E37E517004DC662 /* FilterViewController.swift in Sources */ = {isa = PBXBuildFile; fileRef = E7D566441E37E517004DC662 /* FilterViewController.swift */; };
		E7D5664E1E37E517004DC662 /* seed.json in Resources */ = {isa = PBXBuildFile; fileRef = E7D566461E37E517004DC662 /* seed.json */; };
		E7D5664F1E37E517004DC662 /* ViewController.swift in Sources */ = {isa = PBXBuildFile; fileRef = E7D566471E37E517004DC662 /* ViewController.swift */; };
		E7D5665C1E37E553004DC662 /* Assets.xcassets in Resources */ = {isa = PBXBuildFile; fileRef = E7D566501E37E553004DC662 /* Assets.xcassets */; };
		E7D5665D1E37E553004DC662 /* Category+CoreDataClass.swift in Sources */ = {isa = PBXBuildFile; fileRef = E7D566521E37E553004DC662 /* Category+CoreDataClass.swift */; };
		E7D5665E1E37E553004DC662 /* Category+CoreDataProperties.swift in Sources */ = {isa = PBXBuildFile; fileRef = E7D566531E37E553004DC662 /* Category+CoreDataProperties.swift */; };
		E7D5665F1E37E553004DC662 /* Location+CoreDataClass.swift in Sources */ = {isa = PBXBuildFile; fileRef = E7D566541E37E553004DC662 /* Location+CoreDataClass.swift */; };
		E7D566601E37E553004DC662 /* Location+CoreDataProperties.swift in Sources */ = {isa = PBXBuildFile; fileRef = E7D566551E37E553004DC662 /* Location+CoreDataProperties.swift */; };
		E7D566611E37E553004DC662 /* PriceInfo+CoreDataClass.swift in Sources */ = {isa = PBXBuildFile; fileRef = E7D566561E37E553004DC662 /* PriceInfo+CoreDataClass.swift */; };
		E7D566621E37E553004DC662 /* PriceInfo+CoreDataProperties.swift in Sources */ = {isa = PBXBuildFile; fileRef = E7D566571E37E553004DC662 /* PriceInfo+CoreDataProperties.swift */; };
		E7D566631E37E553004DC662 /* Stats+CoreDataClass.swift in Sources */ = {isa = PBXBuildFile; fileRef = E7D566581E37E553004DC662 /* Stats+CoreDataClass.swift */; };
		E7D566641E37E553004DC662 /* Stats+CoreDataProperties.swift in Sources */ = {isa = PBXBuildFile; fileRef = E7D566591E37E553004DC662 /* Stats+CoreDataProperties.swift */; };
		E7D566651E37E553004DC662 /* Venue+CoreDataClass.swift in Sources */ = {isa = PBXBuildFile; fileRef = E7D5665A1E37E553004DC662 /* Venue+CoreDataClass.swift */; };
		E7D566661E37E553004DC662 /* Venue+CoreDataProperties.swift in Sources */ = {isa = PBXBuildFile; fileRef = E7D5665B1E37E553004DC662 /* Venue+CoreDataProperties.swift */; };
		E7D5666B1E37E563004DC662 /* LaunchScreen.storyboard in Resources */ = {isa = PBXBuildFile; fileRef = E7D566671E37E563004DC662 /* LaunchScreen.storyboard */; };
		E7D5666C1E37E563004DC662 /* Main.storyboard in Resources */ = {isa = PBXBuildFile; fileRef = E7D566691E37E563004DC662 /* Main.storyboard */; };
/* End PBXBuildFile section */

/* Begin PBXFileReference section */
		DD1EBBF12BCB9F1FB18CBB37 /* Attachment.swift */ = {isa = PBXFileReference; fileEncoding = 4; lastKnownFileType = sourcecode.swift; path = Attachment.swift; sourceTree = "<group>"; };
		DD1EBE598481EA0D5E194F0D /* NoteWithAttachmentsPresenter.swift */ = {isa = PBXFileReference; fileEncoding = 4; lastKnownFileType = sourcecode.swift; path = NoteWithAttachmentsPresenter.swift; sourceTree = "<group>"; };
		E7507FE81E3ADA5E004F0826 /* WorldCup.app */ = {isa = PBXFileReference; explicitFileType = wrapper.application; includeInIndex = 0; path = WorldCup.app; sourceTree = BUILT_PRODUCTS_DIR; };
		E7507FEA1E3ADA5E004F0826 /* AppDelegate.swift */ = {isa = PBXFileReference; lastKnownFileType = sourcecode.swift; path = AppDelegate.swift; sourceTree = "<group>"; };
		E7507FEC1E3ADA5E004F0826 /* ViewController.swift */ = {isa = PBXFileReference; lastKnownFileType = sourcecode.swift; path = ViewController.swift; sourceTree = "<group>"; };
		E7507FEF1E3ADA5E004F0826 /* Base */ = {isa = PBXFileReference; lastKnownFileType = file.storyboard; name = Base; path = Base.lproj/Main.storyboard; sourceTree = "<group>"; };
		E7507FF11E3ADA5E004F0826 /* Assets.xcassets */ = {isa = PBXFileReference; lastKnownFileType = folder.assetcatalog; path = Assets.xcassets; sourceTree = "<group>"; };
		E7507FF41E3ADA5E004F0826 /* Base */ = {isa = PBXFileReference; lastKnownFileType = file.storyboard; name = Base; path = Base.lproj/LaunchScreen.storyboard; sourceTree = "<group>"; };
		E7507FF61E3ADA5E004F0826 /* Info.plist */ = {isa = PBXFileReference; lastKnownFileType = text.plist.xml; path = Info.plist; sourceTree = "<group>"; };
		E7507FFA1E3ADAFA004F0826 /* attribution.txt */ = {isa = PBXFileReference; fileEncoding = 4; lastKnownFileType = text; path = attribution.txt; sourceTree = "<group>"; };
		E7507FFB1E3ADAFA004F0826 /* CoreDataStack.swift */ = {isa = PBXFileReference; fileEncoding = 4; lastKnownFileType = sourcecode.swift; path = CoreDataStack.swift; sourceTree = "<group>"; };
		E7507FFC1E3ADAFA004F0826 /* seed.json */ = {isa = PBXFileReference; fileEncoding = 4; lastKnownFileType = text.json; path = seed.json; sourceTree = "<group>"; };
		E7507FFD1E3ADAFA004F0826 /* Team+CoreDataClass.swift */ = {isa = PBXFileReference; fileEncoding = 4; lastKnownFileType = sourcecode.swift; path = "Team+CoreDataClass.swift"; sourceTree = "<group>"; };
		E7507FFE1E3ADAFA004F0826 /* Team+CoreDataProperties.swift */ = {isa = PBXFileReference; fileEncoding = 4; lastKnownFileType = sourcecode.swift; path = "Team+CoreDataProperties.swift"; sourceTree = "<group>"; };
		E7507FFF1E3ADAFA004F0826 /* TeamCell.swift */ = {isa = PBXFileReference; fileEncoding = 4; lastKnownFileType = sourcecode.swift; path = TeamCell.swift; sourceTree = "<group>"; };
		E75080011E3ADAFA004F0826 /* WorldCup.xcdatamodel */ = {isa = PBXFileReference; lastKnownFileType = wrapper.xcdatamodel; path = WorldCup.xcdatamodel; sourceTree = "<group>"; };
		E75080131E3BCB60004F0826 /* UnCloudNotes.app */ = {isa = PBXFileReference; explicitFileType = wrapper.application; includeInIndex = 0; path = UnCloudNotes.app; sourceTree = BUILT_PRODUCTS_DIR; };
		E75080151E3BCB60004F0826 /* AppDelegate.swift */ = {isa = PBXFileReference; lastKnownFileType = sourcecode.swift; path = AppDelegate.swift; sourceTree = "<group>"; };
		E750801A1E3BCB60004F0826 /* Base */ = {isa = PBXFileReference; lastKnownFileType = file.storyboard; name = Base; path = Base.lproj/Main.storyboard; sourceTree = "<group>"; };
		E750801C1E3BCB60004F0826 /* Assets.xcassets */ = {isa = PBXFileReference; lastKnownFileType = folder.assetcatalog; path = Assets.xcassets; sourceTree = "<group>"; };
		E750801F1E3BCB60004F0826 /* Base */ = {isa = PBXFileReference; lastKnownFileType = file.storyboard; name = Base; path = Base.lproj/LaunchScreen.storyboard; sourceTree = "<group>"; };
		E75080211E3BCB60004F0826 /* Info.plist */ = {isa = PBXFileReference; lastKnownFileType = text.plist.xml; path = Info.plist; sourceTree = "<group>"; };
		E75080251E3BCD4C004F0826 /* AttachPhotoViewController.swift */ = {isa = PBXFileReference; fileEncoding = 4; lastKnownFileType = sourcecode.swift; path = AttachPhotoViewController.swift; sourceTree = "<group>"; };
		E75080261E3BCD4C004F0826 /* CoreDataStack.swift */ = {isa = PBXFileReference; fileEncoding = 4; lastKnownFileType = sourcecode.swift; path = CoreDataStack.swift; sourceTree = "<group>"; };
		E75080271E3BCD4D004F0826 /* CreateNoteViewController.swift */ = {isa = PBXFileReference; fileEncoding = 4; lastKnownFileType = sourcecode.swift; path = CreateNoteViewController.swift; sourceTree = "<group>"; };
		E75080281E3BCD4D004F0826 /* ImageTransformer.swift */ = {isa = PBXFileReference; fileEncoding = 4; lastKnownFileType = sourcecode.swift; path = ImageTransformer.swift; sourceTree = "<group>"; };
		E75080291E3BCD4D004F0826 /* Note.swift */ = {isa = PBXFileReference; fileEncoding = 4; lastKnownFileType = sourcecode.swift; path = Note.swift; sourceTree = "<group>"; };
		E750802A1E3BCD4D004F0826 /* NoteDetailViewController.swift */ = {isa = PBXFileReference; fileEncoding = 4; lastKnownFileType = sourcecode.swift; path = NoteDetailViewController.swift; sourceTree = "<group>"; };
		E750802B1E3BCD4D004F0826 /* NoteImageTableViewCell.swift */ = {isa = PBXFileReference; fileEncoding = 4; lastKnownFileType = sourcecode.swift; path = NoteImageTableViewCell.swift; sourceTree = "<group>"; };
		E750802C1E3BCD4D004F0826 /* NotesListViewController.swift */ = {isa = PBXFileReference; fileEncoding = 4; lastKnownFileType = sourcecode.swift; path = NotesListViewController.swift; sourceTree = "<group>"; };
		E750802D1E3BCD4D004F0826 /* NotesListViewController+Additions.h */ = {isa = PBXFileReference; fileEncoding = 4; lastKnownFileType = sourcecode.c.h; path = "NotesListViewController+Additions.h"; sourceTree = "<group>"; };
		E750802E1E3BCD4D004F0826 /* NoteTableViewCell.swift */ = {isa = PBXFileReference; fileEncoding = 4; lastKnownFileType = sourcecode.swift; path = NoteTableViewCell.swift; sourceTree = "<group>"; };
		E750802F1E3BCD4D004F0826 /* UnCloudNotes.entitlements */ = {isa = PBXFileReference; fileEncoding = 4; lastKnownFileType = text.plist.entitlements; path = UnCloudNotes.entitlements; sourceTree = "<group>"; };
		E75080311E3BCD4D004F0826 /* UnCloudNotesDataModel.xcdatamodel */ = {isa = PBXFileReference; lastKnownFileType = wrapper.xcdatamodel; path = UnCloudNotesDataModel.xcdatamodel; sourceTree = "<group>"; };
		E76DCCCF1E36A44C00E1CB02 /* HitList.app */ = {isa = PBXFileReference; explicitFileType = wrapper.application; includeInIndex = 0; path = HitList.app; sourceTree = BUILT_PRODUCTS_DIR; };
		E76DCCD11E36A44C00E1CB02 /* AppDelegate.swift */ = {isa = PBXFileReference; lastKnownFileType = sourcecode.swift; path = AppDelegate.swift; sourceTree = "<group>"; };
		E76DCCD31E36A44C00E1CB02 /* ViewController.swift */ = {isa = PBXFileReference; lastKnownFileType = sourcecode.swift; path = ViewController.swift; sourceTree = "<group>"; };
		E76DCCD61E36A44C00E1CB02 /* Base */ = {isa = PBXFileReference; lastKnownFileType = file.storyboard; name = Base; path = Base.lproj/Main.storyboard; sourceTree = "<group>"; };
		E76DCCD91E36A44C00E1CB02 /* HitList.xcdatamodel */ = {isa = PBXFileReference; lastKnownFileType = wrapper.xcdatamodel; path = HitList.xcdatamodel; sourceTree = "<group>"; };
		E76DCCDB1E36A44C00E1CB02 /* Assets.xcassets */ = {isa = PBXFileReference; lastKnownFileType = folder.assetcatalog; path = Assets.xcassets; sourceTree = "<group>"; };
		E76DCCDE1E36A44C00E1CB02 /* Base */ = {isa = PBXFileReference; lastKnownFileType = file.storyboard; name = Base; path = Base.lproj/LaunchScreen.storyboard; sourceTree = "<group>"; };
		E76DCCE01E36A44C00E1CB02 /* Info.plist */ = {isa = PBXFileReference; lastKnownFileType = text.plist.xml; path = Info.plist; sourceTree = "<group>"; };
		E76DCD011E36DA4E00E1CB02 /* Bow Ties.app */ = {isa = PBXFileReference; explicitFileType = wrapper.application; includeInIndex = 0; path = "Bow Ties.app"; sourceTree = BUILT_PRODUCTS_DIR; };
		E76DCD031E36DA4E00E1CB02 /* AppDelegate.swift */ = {isa = PBXFileReference; lastKnownFileType = sourcecode.swift; path = AppDelegate.swift; sourceTree = "<group>"; };
		E76DCD051E36DA4E00E1CB02 /* ViewController.swift */ = {isa = PBXFileReference; lastKnownFileType = sourcecode.swift; path = ViewController.swift; sourceTree = "<group>"; };
		E76DCD081E36DA4E00E1CB02 /* Base */ = {isa = PBXFileReference; lastKnownFileType = file.storyboard; name = Base; path = Base.lproj/Main.storyboard; sourceTree = "<group>"; };
		E76DCD0B1E36DA4E00E1CB02 /* Bow_Ties.xcdatamodel */ = {isa = PBXFileReference; lastKnownFileType = wrapper.xcdatamodel; path = Bow_Ties.xcdatamodel; sourceTree = "<group>"; };
		E76DCD0D1E36DA4E00E1CB02 /* Assets.xcassets */ = {isa = PBXFileReference; lastKnownFileType = folder.assetcatalog; path = Assets.xcassets; sourceTree = "<group>"; };
		E76DCD101E36DA4E00E1CB02 /* Base */ = {isa = PBXFileReference; lastKnownFileType = file.storyboard; name = Base; path = Base.lproj/LaunchScreen.storyboard; sourceTree = "<group>"; };
		E76DCD121E36DA4E00E1CB02 /* Info.plist */ = {isa = PBXFileReference; lastKnownFileType = text.plist.xml; path = Info.plist; sourceTree = "<group>"; };
		E76DCD1E1E36E37000E1CB02 /* Bowtie+CoreDataClass.swift */ = {isa = PBXFileReference; fileEncoding = 4; lastKnownFileType = sourcecode.swift; path = "Bowtie+CoreDataClass.swift"; sourceTree = "<group>"; };
		E76DCD1F1E36E37000E1CB02 /* Bowtie+CoreDataProperties.swift */ = {isa = PBXFileReference; fileEncoding = 4; lastKnownFileType = sourcecode.swift; path = "Bowtie+CoreDataProperties.swift"; sourceTree = "<group>"; };
		E76DCD221E36E8B400E1CB02 /* SampleData.plist */ = {isa = PBXFileReference; fileEncoding = 4; lastKnownFileType = text.plist.xml; path = SampleData.plist; sourceTree = "<group>"; };
		E77C4B0A1E4D08E700E7767A /* UnCloudNotesDataModel v2.xcdatamodel */ = {isa = PBXFileReference; lastKnownFileType = wrapper.xcdatamodel; path = "UnCloudNotesDataModel v2.xcdatamodel"; sourceTree = "<group>"; };
		E77C4B0B1E4D226500E7767A /* NoteWithAttachmentsDetailViewController.swift */ = {isa = PBXFileReference; fileEncoding = 4; lastKnownFileType = sourcecode.swift; path = NoteWithAttachmentsDetailViewController.swift; sourceTree = "<group>"; };
		E77C4B0D1E4D2FC800E7767A /* UnCloudNotesDataModel v3.xcdatamodel */ = {isa = PBXFileReference; lastKnownFileType = wrapper.xcdatamodel; path = "UnCloudNotesDataModel v3.xcdatamodel"; sourceTree = "<group>"; };
		E7D565B21E37A69B004DC662 /* Dog Walk.app */ = {isa = PBXFileReference; explicitFileType = wrapper.application; includeInIndex = 0; path = "Dog Walk.app"; sourceTree = BUILT_PRODUCTS_DIR; };
		E7D565B41E37A69B004DC662 /* AppDelegate.swift */ = {isa = PBXFileReference; lastKnownFileType = sourcecode.swift; path = AppDelegate.swift; sourceTree = "<group>"; };
		E7D565B61E37A69B004DC662 /* ViewController.swift */ = {isa = PBXFileReference; lastKnownFileType = sourcecode.swift; path = ViewController.swift; sourceTree = "<group>"; };
		E7D565B91E37A69B004DC662 /* Base */ = {isa = PBXFileReference; lastKnownFileType = file.storyboard; name = Base; path = Base.lproj/Main.storyboard; sourceTree = "<group>"; };
		E7D565BB1E37A69B004DC662 /* Assets.xcassets */ = {isa = PBXFileReference; lastKnownFileType = folder.assetcatalog; path = Assets.xcassets; sourceTree = "<group>"; };
		E7D565BE1E37A69B004DC662 /* Base */ = {isa = PBXFileReference; lastKnownFileType = file.storyboard; name = Base; path = Base.lproj/LaunchScreen.storyboard; sourceTree = "<group>"; };
		E7D565C01E37A69B004DC662 /* Info.plist */ = {isa = PBXFileReference; lastKnownFileType = text.plist.xml; path = Info.plist; sourceTree = "<group>"; };
		E7D565C41E37B765004DC662 /* CoreDataStack.swift */ = {isa = PBXFileReference; fileEncoding = 4; lastKnownFileType = sourcecode.swift; path = CoreDataStack.swift; sourceTree = "<group>"; };
		E7D565C71E37BC0C004DC662 /* Dog Walk.xcdatamodel */ = {isa = PBXFileReference; lastKnownFileType = wrapper.xcdatamodel; path = "Dog Walk.xcdatamodel"; sourceTree = "<group>"; };
		E7D565C91E37BD25004DC662 /* Walk+CoreDataClass.swift */ = {isa = PBXFileReference; fileEncoding = 4; lastKnownFileType = sourcecode.swift; path = "Walk+CoreDataClass.swift"; sourceTree = "<group>"; };
		E7D565CA1E37BD25004DC662 /* Walk+CoreDataProperties.swift */ = {isa = PBXFileReference; fileEncoding = 4; lastKnownFileType = sourcecode.swift; path = "Walk+CoreDataProperties.swift"; sourceTree = "<group>"; };
		E7D565CB1E37BD25004DC662 /* Dog+CoreDataClass.swift */ = {isa = PBXFileReference; fileEncoding = 4; lastKnownFileType = sourcecode.swift; path = "Dog+CoreDataClass.swift"; sourceTree = "<group>"; };
		E7D565CC1E37BD25004DC662 /* Dog+CoreDataProperties.swift */ = {isa = PBXFileReference; fileEncoding = 4; lastKnownFileType = sourcecode.swift; path = "Dog+CoreDataProperties.swift"; sourceTree = "<group>"; };
		E7D566141E37E43F004DC662 /* Bubble Tea Finder.app */ = {isa = PBXFileReference; explicitFileType = wrapper.application; includeInIndex = 0; path = "Bubble Tea Finder.app"; sourceTree = BUILT_PRODUCTS_DIR; };
		E7D566401E37E517004DC662 /* Bubble_Tea_Finder.xcdatamodel */ = {isa = PBXFileReference; lastKnownFileType = wrapper.xcdatamodel; path = Bubble_Tea_Finder.xcdatamodel; sourceTree = "<group>"; };
		E7D566411E37E517004DC662 /* AppDelegate.swift */ = {isa = PBXFileReference; fileEncoding = 4; lastKnownFileType = sourcecode.swift; path = AppDelegate.swift; sourceTree = "<group>"; };
		E7D566421E37E517004DC662 /* attribution.txt */ = {isa = PBXFileReference; fileEncoding = 4; lastKnownFileType = text; path = attribution.txt; sourceTree = "<group>"; };
		E7D566431E37E517004DC662 /* CoreDataStack.swift */ = {isa = PBXFileReference; fileEncoding = 4; lastKnownFileType = sourcecode.swift; path = CoreDataStack.swift; sourceTree = "<group>"; };
		E7D566441E37E517004DC662 /* FilterViewController.swift */ = {isa = PBXFileReference; fileEncoding = 4; lastKnownFileType = sourcecode.swift; path = FilterViewController.swift; sourceTree = "<group>"; };
		E7D566451E37E517004DC662 /* Info.plist */ = {isa = PBXFileReference; fileEncoding = 4; lastKnownFileType = text.plist.xml; path = Info.plist; sourceTree = "<group>"; };
		E7D566461E37E517004DC662 /* seed.json */ = {isa = PBXFileReference; fileEncoding = 4; lastKnownFileType = text.json; path = seed.json; sourceTree = "<group>"; };
		E7D566471E37E517004DC662 /* ViewController.swift */ = {isa = PBXFileReference; fileEncoding = 4; lastKnownFileType = sourcecode.swift; path = ViewController.swift; sourceTree = "<group>"; };
		E7D566501E37E553004DC662 /* Assets.xcassets */ = {isa = PBXFileReference; lastKnownFileType = folder.assetcatalog; path = Assets.xcassets; sourceTree = "<group>"; };
		E7D566521E37E553004DC662 /* Category+CoreDataClass.swift */ = {isa = PBXFileReference; fileEncoding = 4; lastKnownFileType = sourcecode.swift; path = "Category+CoreDataClass.swift"; sourceTree = "<group>"; };
		E7D566531E37E553004DC662 /* Category+CoreDataProperties.swift */ = {isa = PBXFileReference; fileEncoding = 4; lastKnownFileType = sourcecode.swift; path = "Category+CoreDataProperties.swift"; sourceTree = "<group>"; };
		E7D566541E37E553004DC662 /* Location+CoreDataClass.swift */ = {isa = PBXFileReference; fileEncoding = 4; lastKnownFileType = sourcecode.swift; path = "Location+CoreDataClass.swift"; sourceTree = "<group>"; };
		E7D566551E37E553004DC662 /* Location+CoreDataProperties.swift */ = {isa = PBXFileReference; fileEncoding = 4; lastKnownFileType = sourcecode.swift; path = "Location+CoreDataProperties.swift"; sourceTree = "<group>"; };
		E7D566561E37E553004DC662 /* PriceInfo+CoreDataClass.swift */ = {isa = PBXFileReference; fileEncoding = 4; lastKnownFileType = sourcecode.swift; path = "PriceInfo+CoreDataClass.swift"; sourceTree = "<group>"; };
		E7D566571E37E553004DC662 /* PriceInfo+CoreDataProperties.swift */ = {isa = PBXFileReference; fileEncoding = 4; lastKnownFileType = sourcecode.swift; path = "PriceInfo+CoreDataProperties.swift"; sourceTree = "<group>"; };
		E7D566581E37E553004DC662 /* Stats+CoreDataClass.swift */ = {isa = PBXFileReference; fileEncoding = 4; lastKnownFileType = sourcecode.swift; path = "Stats+CoreDataClass.swift"; sourceTree = "<group>"; };
		E7D566591E37E553004DC662 /* Stats+CoreDataProperties.swift */ = {isa = PBXFileReference; fileEncoding = 4; lastKnownFileType = sourcecode.swift; path = "Stats+CoreDataProperties.swift"; sourceTree = "<group>"; };
		E7D5665A1E37E553004DC662 /* Venue+CoreDataClass.swift */ = {isa = PBXFileReference; fileEncoding = 4; lastKnownFileType = sourcecode.swift; path = "Venue+CoreDataClass.swift"; sourceTree = "<group>"; };
		E7D5665B1E37E553004DC662 /* Venue+CoreDataProperties.swift */ = {isa = PBXFileReference; fileEncoding = 4; lastKnownFileType = sourcecode.swift; path = "Venue+CoreDataProperties.swift"; sourceTree = "<group>"; };
		E7D566681E37E563004DC662 /* Base */ = {isa = PBXFileReference; lastKnownFileType = file.storyboard; name = Base; path = Base.lproj/LaunchScreen.storyboard; sourceTree = "<group>"; };
		E7D5666A1E37E563004DC662 /* Base */ = {isa = PBXFileReference; lastKnownFileType = file.storyboard; name = Base; path = Base.lproj/Main.storyboard; sourceTree = "<group>"; };
/* End PBXFileReference section */

/* Begin PBXFrameworksBuildPhase section */
		E7507FE51E3ADA5E004F0826 /* Frameworks */ = {
			isa = PBXFrameworksBuildPhase;
			buildActionMask = 2147483647;
			files = (
			);
			runOnlyForDeploymentPostprocessing = 0;
		};
		E75080101E3BCB60004F0826 /* Frameworks */ = {
			isa = PBXFrameworksBuildPhase;
			buildActionMask = 2147483647;
			files = (
			);
			runOnlyForDeploymentPostprocessing = 0;
		};
		E76DCCCC1E36A44C00E1CB02 /* Frameworks */ = {
			isa = PBXFrameworksBuildPhase;
			buildActionMask = 2147483647;
			files = (
			);
			runOnlyForDeploymentPostprocessing = 0;
		};
		E76DCCFE1E36DA4E00E1CB02 /* Frameworks */ = {
			isa = PBXFrameworksBuildPhase;
			buildActionMask = 2147483647;
			files = (
			);
			runOnlyForDeploymentPostprocessing = 0;
		};
		E7D565AF1E37A69B004DC662 /* Frameworks */ = {
			isa = PBXFrameworksBuildPhase;
			buildActionMask = 2147483647;
			files = (
			);
			runOnlyForDeploymentPostprocessing = 0;
		};
		E7D566111E37E43F004DC662 /* Frameworks */ = {
			isa = PBXFrameworksBuildPhase;
			buildActionMask = 2147483647;
			files = (
			);
			runOnlyForDeploymentPostprocessing = 0;
		};
/* End PBXFrameworksBuildPhase section */

/* Begin PBXGroup section */
		E7507FE91E3ADA5E004F0826 /* WorldCup */ = {
			isa = PBXGroup;
			children = (
				E7507FFA1E3ADAFA004F0826 /* attribution.txt */,
				E7507FFB1E3ADAFA004F0826 /* CoreDataStack.swift */,
				E7507FFC1E3ADAFA004F0826 /* seed.json */,
				E7507FFD1E3ADAFA004F0826 /* Team+CoreDataClass.swift */,
				E7507FFE1E3ADAFA004F0826 /* Team+CoreDataProperties.swift */,
				E7507FFF1E3ADAFA004F0826 /* TeamCell.swift */,
				E75080001E3ADAFA004F0826 /* WorldCup.xcdatamodeld */,
				E7507FEA1E3ADA5E004F0826 /* AppDelegate.swift */,
				E7507FEC1E3ADA5E004F0826 /* ViewController.swift */,
				E7507FEE1E3ADA5E004F0826 /* Main.storyboard */,
				E7507FF11E3ADA5E004F0826 /* Assets.xcassets */,
				E7507FF31E3ADA5E004F0826 /* LaunchScreen.storyboard */,
				E7507FF61E3ADA5E004F0826 /* Info.plist */,
			);
			path = WorldCup;
			sourceTree = "<group>";
		};
		E75080141E3BCB60004F0826 /* UnCloudNotes */ = {
			isa = PBXGroup;
			children = (
				E75080251E3BCD4C004F0826 /* AttachPhotoViewController.swift */,
				E75080261E3BCD4C004F0826 /* CoreDataStack.swift */,
				E75080271E3BCD4D004F0826 /* CreateNoteViewController.swift */,
				E75080281E3BCD4D004F0826 /* ImageTransformer.swift */,
				E75080291E3BCD4D004F0826 /* Note.swift */,
				E750802A1E3BCD4D004F0826 /* NoteDetailViewController.swift */,
				E750802B1E3BCD4D004F0826 /* NoteImageTableViewCell.swift */,
				E750802C1E3BCD4D004F0826 /* NotesListViewController.swift */,
				E750802D1E3BCD4D004F0826 /* NotesListViewController+Additions.h */,
				E750802E1E3BCD4D004F0826 /* NoteTableViewCell.swift */,
				E750802F1E3BCD4D004F0826 /* UnCloudNotes.entitlements */,
				E75080301E3BCD4D004F0826 /* UnCloudNotesDataModel.xcdatamodeld */,
				E75080151E3BCB60004F0826 /* AppDelegate.swift */,
				E75080191E3BCB60004F0826 /* Main.storyboard */,
				E750801C1E3BCB60004F0826 /* Assets.xcassets */,
				E750801E1E3BCB60004F0826 /* LaunchScreen.storyboard */,
				E75080211E3BCB60004F0826 /* Info.plist */,
				E77C4B0B1E4D226500E7767A /* NoteWithAttachmentsDetailViewController.swift */,
				DD1EBE598481EA0D5E194F0D /* NoteWithAttachmentsPresenter.swift */,
				DD1EBBF12BCB9F1FB18CBB37 /* Attachment.swift */,
			);
			path = UnCloudNotes;
			sourceTree = "<group>";
		};
		E76DCCAD1E36A41800E1CB02 = {
			isa = PBXGroup;
			children = (
				E76DCCD01E36A44C00E1CB02 /* HitList */,
				E76DCD021E36DA4E00E1CB02 /* Bow Ties */,
				E7D565B31E37A69B004DC662 /* Dog Walk */,
				E7D566151E37E43F004DC662 /* Bubble Tea Finder */,
				E7507FE91E3ADA5E004F0826 /* WorldCup */,
				E75080141E3BCB60004F0826 /* UnCloudNotes */,
				E76DCCB71E36A41800E1CB02 /* Products */,
			);
			sourceTree = "<group>";
		};
		E76DCCB71E36A41800E1CB02 /* Products */ = {
			isa = PBXGroup;
			children = (
				E76DCCCF1E36A44C00E1CB02 /* HitList.app */,
				E76DCD011E36DA4E00E1CB02 /* Bow Ties.app */,
				E7D565B21E37A69B004DC662 /* Dog Walk.app */,
				E7D566141E37E43F004DC662 /* Bubble Tea Finder.app */,
				E7507FE81E3ADA5E004F0826 /* WorldCup.app */,
				E75080131E3BCB60004F0826 /* UnCloudNotes.app */,
			);
			name = Products;
			sourceTree = "<group>";
		};
		E76DCCD01E36A44C00E1CB02 /* HitList */ = {
			isa = PBXGroup;
			children = (
				E76DCCD11E36A44C00E1CB02 /* AppDelegate.swift */,
				E76DCCD31E36A44C00E1CB02 /* ViewController.swift */,
				E76DCCD51E36A44C00E1CB02 /* Main.storyboard */,
				E76DCCDB1E36A44C00E1CB02 /* Assets.xcassets */,
				E76DCCDD1E36A44C00E1CB02 /* LaunchScreen.storyboard */,
				E76DCCE01E36A44C00E1CB02 /* Info.plist */,
				E76DCCD81E36A44C00E1CB02 /* HitList.xcdatamodeld */,
			);
			path = HitList;
			sourceTree = "<group>";
		};
		E76DCD021E36DA4E00E1CB02 /* Bow Ties */ = {
			isa = PBXGroup;
			children = (
				E76DCD1E1E36E37000E1CB02 /* Bowtie+CoreDataClass.swift */,
				E76DCD1F1E36E37000E1CB02 /* Bowtie+CoreDataProperties.swift */,
				E76DCD031E36DA4E00E1CB02 /* AppDelegate.swift */,
				E76DCD221E36E8B400E1CB02 /* SampleData.plist */,
				E76DCD051E36DA4E00E1CB02 /* ViewController.swift */,
				E76DCD071E36DA4E00E1CB02 /* Main.storyboard */,
				E76DCD0D1E36DA4E00E1CB02 /* Assets.xcassets */,
				E76DCD0F1E36DA4E00E1CB02 /* LaunchScreen.storyboard */,
				E76DCD121E36DA4E00E1CB02 /* Info.plist */,
				E76DCD0A1E36DA4E00E1CB02 /* Bow_Ties.xcdatamodeld */,
			);
			path = "Bow Ties";
			sourceTree = "<group>";
		};
		E7D565B31E37A69B004DC662 /* Dog Walk */ = {
			isa = PBXGroup;
			children = (
				E7D565C91E37BD25004DC662 /* Walk+CoreDataClass.swift */,
				E7D565CA1E37BD25004DC662 /* Walk+CoreDataProperties.swift */,
				E7D565CB1E37BD25004DC662 /* Dog+CoreDataClass.swift */,
				E7D565CC1E37BD25004DC662 /* Dog+CoreDataProperties.swift */,
				E7D565B41E37A69B004DC662 /* AppDelegate.swift */,
				E7D565B61E37A69B004DC662 /* ViewController.swift */,
				E7D565B81E37A69B004DC662 /* Main.storyboard */,
				E7D565BB1E37A69B004DC662 /* Assets.xcassets */,
				E7D565BD1E37A69B004DC662 /* LaunchScreen.storyboard */,
				E7D565C01E37A69B004DC662 /* Info.plist */,
				E7D565C41E37B765004DC662 /* CoreDataStack.swift */,
				E7D565C61E37BC0C004DC662 /* Dog Walk.xcdatamodeld */,
			);
			path = "Dog Walk";
			sourceTree = "<group>";
		};
		E7D566151E37E43F004DC662 /* Bubble Tea Finder */ = {
			isa = PBXGroup;
			children = (
				E7D566671E37E563004DC662 /* LaunchScreen.storyboard */,
				E7D566691E37E563004DC662 /* Main.storyboard */,
				E7D566501E37E553004DC662 /* Assets.xcassets */,
				E7D566511E37E553004DC662 /* NSManagedObject */,
				E7D5663F1E37E517004DC662 /* Bubble_Tea_Finder.xcdatamodeld */,
				E7D566411E37E517004DC662 /* AppDelegate.swift */,
				E7D566421E37E517004DC662 /* attribution.txt */,
				E7D566431E37E517004DC662 /* CoreDataStack.swift */,
				E7D566441E37E517004DC662 /* FilterViewController.swift */,
				E7D566451E37E517004DC662 /* Info.plist */,
				E7D566461E37E517004DC662 /* seed.json */,
				E7D566471E37E517004DC662 /* ViewController.swift */,
			);
			path = "Bubble Tea Finder";
			sourceTree = "<group>";
		};
		E7D566511E37E553004DC662 /* NSManagedObject */ = {
			isa = PBXGroup;
			children = (
				E7D566521E37E553004DC662 /* Category+CoreDataClass.swift */,
				E7D566531E37E553004DC662 /* Category+CoreDataProperties.swift */,
				E7D566541E37E553004DC662 /* Location+CoreDataClass.swift */,
				E7D566551E37E553004DC662 /* Location+CoreDataProperties.swift */,
				E7D566561E37E553004DC662 /* PriceInfo+CoreDataClass.swift */,
				E7D566571E37E553004DC662 /* PriceInfo+CoreDataProperties.swift */,
				E7D566581E37E553004DC662 /* Stats+CoreDataClass.swift */,
				E7D566591E37E553004DC662 /* Stats+CoreDataProperties.swift */,
				E7D5665A1E37E553004DC662 /* Venue+CoreDataClass.swift */,
				E7D5665B1E37E553004DC662 /* Venue+CoreDataProperties.swift */,
			);
			path = NSManagedObject;
			sourceTree = "<group>";
		};
/* End PBXGroup section */

/* Begin PBXNativeTarget section */
		E7507FE71E3ADA5E004F0826 /* WorldCup */ = {
			isa = PBXNativeTarget;
			buildConfigurationList = E7507FF71E3ADA5E004F0826 /* Build configuration list for PBXNativeTarget "WorldCup" */;
			buildPhases = (
				E7507FE41E3ADA5E004F0826 /* Sources */,
				E7507FE51E3ADA5E004F0826 /* Frameworks */,
				E7507FE61E3ADA5E004F0826 /* Resources */,
			);
			buildRules = (
			);
			dependencies = (
			);
			name = WorldCup;
			productName = WorldCup;
			productReference = E7507FE81E3ADA5E004F0826 /* WorldCup.app */;
			productType = "com.apple.product-type.application";
		};
		E75080121E3BCB60004F0826 /* UnCloudNotes */ = {
			isa = PBXNativeTarget;
			buildConfigurationList = E75080221E3BCB60004F0826 /* Build configuration list for PBXNativeTarget "UnCloudNotes" */;
			buildPhases = (
				E750800F1E3BCB60004F0826 /* Sources */,
				E75080101E3BCB60004F0826 /* Frameworks */,
				E75080111E3BCB60004F0826 /* Resources */,
			);
			buildRules = (
			);
			dependencies = (
			);
			name = UnCloudNotes;
			productName = UnCloudNotes;
			productReference = E75080131E3BCB60004F0826 /* UnCloudNotes.app */;
			productType = "com.apple.product-type.application";
		};
		E76DCCCE1E36A44C00E1CB02 /* HitList */ = {
			isa = PBXNativeTarget;
			buildConfigurationList = E76DCCE11E36A44C00E1CB02 /* Build configuration list for PBXNativeTarget "HitList" */;
			buildPhases = (
				E76DCCCB1E36A44C00E1CB02 /* Sources */,
				E76DCCCC1E36A44C00E1CB02 /* Frameworks */,
				E76DCCCD1E36A44C00E1CB02 /* Resources */,
			);
			buildRules = (
			);
			dependencies = (
			);
			name = HitList;
			productName = HitList;
			productReference = E76DCCCF1E36A44C00E1CB02 /* HitList.app */;
			productType = "com.apple.product-type.application";
		};
		E76DCD001E36DA4E00E1CB02 /* Bow Ties */ = {
			isa = PBXNativeTarget;
			buildConfigurationList = E76DCD131E36DA4E00E1CB02 /* Build configuration list for PBXNativeTarget "Bow Ties" */;
			buildPhases = (
				E76DCCFD1E36DA4E00E1CB02 /* Sources */,
				E76DCCFE1E36DA4E00E1CB02 /* Frameworks */,
				E76DCCFF1E36DA4E00E1CB02 /* Resources */,
			);
			buildRules = (
			);
			dependencies = (
			);
			name = "Bow Ties";
			productName = "Bow Ties";
			productReference = E76DCD011E36DA4E00E1CB02 /* Bow Ties.app */;
			productType = "com.apple.product-type.application";
		};
		E7D565B11E37A69B004DC662 /* Dog Walk */ = {
			isa = PBXNativeTarget;
			buildConfigurationList = E7D565C31E37A69B004DC662 /* Build configuration list for PBXNativeTarget "Dog Walk" */;
			buildPhases = (
				E7D565AE1E37A69B004DC662 /* Sources */,
				E7D565AF1E37A69B004DC662 /* Frameworks */,
				E7D565B01E37A69B004DC662 /* Resources */,
			);
			buildRules = (
			);
			dependencies = (
			);
			name = "Dog Walk";
			productName = "Dog Walk";
			productReference = E7D565B21E37A69B004DC662 /* Dog Walk.app */;
			productType = "com.apple.product-type.application";
		};
		E7D566131E37E43F004DC662 /* Bubble Tea Finder */ = {
			isa = PBXNativeTarget;
			buildConfigurationList = E7D566231E37E43F004DC662 /* Build configuration list for PBXNativeTarget "Bubble Tea Finder" */;
			buildPhases = (
				E7D566101E37E43F004DC662 /* Sources */,
				E7D566111E37E43F004DC662 /* Frameworks */,
				E7D566121E37E43F004DC662 /* Resources */,
			);
			buildRules = (
			);
			dependencies = (
			);
			name = "Bubble Tea Finder";
			productName = "Bubble Tea Finder";
			productReference = E7D566141E37E43F004DC662 /* Bubble Tea Finder.app */;
			productType = "com.apple.product-type.application";
		};
/* End PBXNativeTarget section */

/* Begin PBXProject section */
		E76DCCAE1E36A41800E1CB02 /* Project object */ = {
			isa = PBXProject;
			attributes = {
				LastSwiftUpdateCheck = 0820;
				LastUpgradeCheck = 0820;
				ORGANIZATIONNAME = "Qiao Zhang";
				TargetAttributes = {
					E7507FE71E3ADA5E004F0826 = {
						CreatedOnToolsVersion = 8.2;
						DevelopmentTeam = 5H9H3DSGAL;
						ProvisioningStyle = Automatic;
					};
					E75080121E3BCB60004F0826 = {
						CreatedOnToolsVersion = 8.2;
						DevelopmentTeam = 5H9H3DSGAL;
						ProvisioningStyle = Automatic;
					};
					E76DCCCE1E36A44C00E1CB02 = {
						CreatedOnToolsVersion = 8.2;
						DevelopmentTeam = 5H9H3DSGAL;
						ProvisioningStyle = Automatic;
					};
					E76DCD001E36DA4E00E1CB02 = {
						CreatedOnToolsVersion = 8.2;
						DevelopmentTeam = 5H9H3DSGAL;
						ProvisioningStyle = Automatic;
					};
					E7D565B11E37A69B004DC662 = {
						CreatedOnToolsVersion = 8.2;
						DevelopmentTeam = 5H9H3DSGAL;
						ProvisioningStyle = Automatic;
					};
					E7D566131E37E43F004DC662 = {
						CreatedOnToolsVersion = 8.2;
						DevelopmentTeam = 5H9H3DSGAL;
						LastSwiftMigration = 0820;
						ProvisioningStyle = Automatic;
					};
				};
			};
			buildConfigurationList = E76DCCB11E36A41800E1CB02 /* Build configuration list for PBXProject "CDbT" */;
			compatibilityVersion = "Xcode 3.2";
			developmentRegion = English;
			hasScannedForEncodings = 0;
			knownRegions = (
				en,
				Base,
			);
			mainGroup = E76DCCAD1E36A41800E1CB02;
			productRefGroup = E76DCCB71E36A41800E1CB02 /* Products */;
			projectDirPath = "";
			projectRoot = "";
			targets = (
				E76DCCCE1E36A44C00E1CB02 /* HitList */,
				E76DCD001E36DA4E00E1CB02 /* Bow Ties */,
				E7D565B11E37A69B004DC662 /* Dog Walk */,
				E7D566131E37E43F004DC662 /* Bubble Tea Finder */,
				E7507FE71E3ADA5E004F0826 /* WorldCup */,
				E75080121E3BCB60004F0826 /* UnCloudNotes */,
			);
		};
/* End PBXProject section */

/* Begin PBXResourcesBuildPhase section */
		E7507FE61E3ADA5E004F0826 /* Resources */ = {
			isa = PBXResourcesBuildPhase;
			buildActionMask = 2147483647;
			files = (
				E75080041E3ADAFA004F0826 /* seed.json in Resources */,
				E7507FF51E3ADA5E004F0826 /* LaunchScreen.storyboard in Resources */,
				E7507FF21E3ADA5E004F0826 /* Assets.xcassets in Resources */,
				E75080021E3ADAFA004F0826 /* attribution.txt in Resources */,
				E7507FF01E3ADA5E004F0826 /* Main.storyboard in Resources */,
			);
			runOnlyForDeploymentPostprocessing = 0;
		};
		E75080111E3BCB60004F0826 /* Resources */ = {
			isa = PBXResourcesBuildPhase;
			buildActionMask = 2147483647;
			files = (
				E75080201E3BCB60004F0826 /* LaunchScreen.storyboard in Resources */,
				E750801D1E3BCB60004F0826 /* Assets.xcassets in Resources */,
				E750801B1E3BCB60004F0826 /* Main.storyboard in Resources */,
			);
			runOnlyForDeploymentPostprocessing = 0;
		};
		E76DCCCD1E36A44C00E1CB02 /* Resources */ = {
			isa = PBXResourcesBuildPhase;
			buildActionMask = 2147483647;
			files = (
				E76DCCDF1E36A44C00E1CB02 /* LaunchScreen.storyboard in Resources */,
				E76DCCDC1E36A44C00E1CB02 /* Assets.xcassets in Resources */,
				E76DCCD71E36A44C00E1CB02 /* Main.storyboard in Resources */,
			);
			runOnlyForDeploymentPostprocessing = 0;
		};
		E76DCCFF1E36DA4E00E1CB02 /* Resources */ = {
			isa = PBXResourcesBuildPhase;
			buildActionMask = 2147483647;
			files = (
				E76DCD111E36DA4E00E1CB02 /* LaunchScreen.storyboard in Resources */,
				E76DCD0E1E36DA4E00E1CB02 /* Assets.xcassets in Resources */,
				E76DCD231E36E8B400E1CB02 /* SampleData.plist in Resources */,
				E76DCD091E36DA4E00E1CB02 /* Main.storyboard in Resources */,
			);
			runOnlyForDeploymentPostprocessing = 0;
		};
		E7D565B01E37A69B004DC662 /* Resources */ = {
			isa = PBXResourcesBuildPhase;
			buildActionMask = 2147483647;
			files = (
				E7D565BF1E37A69B004DC662 /* LaunchScreen.storyboard in Resources */,
				E7D565BC1E37A69B004DC662 /* Assets.xcassets in Resources */,
				E7D565BA1E37A69B004DC662 /* Main.storyboard in Resources */,
			);
			runOnlyForDeploymentPostprocessing = 0;
		};
		E7D566121E37E43F004DC662 /* Resources */ = {
			isa = PBXResourcesBuildPhase;
			buildActionMask = 2147483647;
			files = (
				E7D5664E1E37E517004DC662 /* seed.json in Resources */,
				E7D5665C1E37E553004DC662 /* Assets.xcassets in Resources */,
				E7D5666C1E37E563004DC662 /* Main.storyboard in Resources */,
				E7D5666B1E37E563004DC662 /* LaunchScreen.storyboard in Resources */,
				E7D5664A1E37E517004DC662 /* attribution.txt in Resources */,
			);
			runOnlyForDeploymentPostprocessing = 0;
		};
/* End PBXResourcesBuildPhase section */

/* Begin PBXSourcesBuildPhase section */
		E7507FE41E3ADA5E004F0826 /* Sources */ = {
			isa = PBXSourcesBuildPhase;
			buildActionMask = 2147483647;
			files = (
				E75080031E3ADAFA004F0826 /* CoreDataStack.swift in Sources */,
				E7507FED1E3ADA5E004F0826 /* ViewController.swift in Sources */,
				E75080071E3ADAFA004F0826 /* TeamCell.swift in Sources */,
				E75080051E3ADAFA004F0826 /* Team+CoreDataClass.swift in Sources */,
				E7507FEB1E3ADA5E004F0826 /* AppDelegate.swift in Sources */,
				E75080081E3ADAFA004F0826 /* WorldCup.xcdatamodeld in Sources */,
				E75080061E3ADAFA004F0826 /* Team+CoreDataProperties.swift in Sources */,
			);
			runOnlyForDeploymentPostprocessing = 0;
		};
		E750800F1E3BCB60004F0826 /* Sources */ = {
			isa = PBXSourcesBuildPhase;
			buildActionMask = 2147483647;
			files = (
				E75080331E3BCD4D004F0826 /* CoreDataStack.swift in Sources */,
				E75080371E3BCD4D004F0826 /* NoteDetailViewController.swift in Sources */,
				E75080351E3BCD4D004F0826 /* ImageTransformer.swift in Sources */,
				E750803A1E3BCD4D004F0826 /* NoteTableViewCell.swift in Sources */,
				E75080381E3BCD4D004F0826 /* NoteImageTableViewCell.swift in Sources */,
				E75080321E3BCD4D004F0826 /* AttachPhotoViewController.swift in Sources */,
				E75080341E3BCD4D004F0826 /* CreateNoteViewController.swift in Sources */,
				E75080161E3BCB60004F0826 /* AppDelegate.swift in Sources */,
				E75080391E3BCD4D004F0826 /* NotesListViewController.swift in Sources */,
				E75080361E3BCD4D004F0826 /* Note.swift in Sources */,
				E750803B1E3BCD4D004F0826 /* UnCloudNotesDataModel.xcdatamodeld in Sources */,
				E77C4B0C1E4D226500E7767A /* NoteWithAttachmentsDetailViewController.swift in Sources */,
				DD1EBF55B376779DC3A5ADBA /* NoteWithAttachmentsPresenter.swift in Sources */,
				DD1EB522D0A54AE284BFB86C /* Attachment.swift in Sources */,
			);
			runOnlyForDeploymentPostprocessing = 0;
		};
		E76DCCCB1E36A44C00E1CB02 /* Sources */ = {
			isa = PBXSourcesBuildPhase;
			buildActionMask = 2147483647;
			files = (
				E76DCCDA1E36A44C00E1CB02 /* HitList.xcdatamodeld in Sources */,
				E76DCCD41E36A44C00E1CB02 /* ViewController.swift in Sources */,
				E76DCCD21E36A44C00E1CB02 /* AppDelegate.swift in Sources */,
			);
			runOnlyForDeploymentPostprocessing = 0;
		};
		E76DCCFD1E36DA4E00E1CB02 /* Sources */ = {
			isa = PBXSourcesBuildPhase;
			buildActionMask = 2147483647;
			files = (
				E76DCD0C1E36DA4E00E1CB02 /* Bow_Ties.xcdatamodeld in Sources */,
				E76DCD061E36DA4E00E1CB02 /* ViewController.swift in Sources */,
				E76DCD041E36DA4E00E1CB02 /* AppDelegate.swift in Sources */,
				E76DCD201E36E37000E1CB02 /* Bowtie+CoreDataClass.swift in Sources */,
				E76DCD211E36E37000E1CB02 /* Bowtie+CoreDataProperties.swift in Sources */,
			);
			runOnlyForDeploymentPostprocessing = 0;
		};
		E7D565AE1E37A69B004DC662 /* Sources */ = {
			isa = PBXSourcesBuildPhase;
			buildActionMask = 2147483647;
			files = (
				E7D565CD1E37BD25004DC662 /* Walk+CoreDataClass.swift in Sources */,
				E7D565C51E37B765004DC662 /* CoreDataStack.swift in Sources */,
				E7D565B71E37A69B004DC662 /* ViewController.swift in Sources */,
				E7D565C81E37BC0C004DC662 /* Dog Walk.xcdatamodeld in Sources */,
				E7D565D01E37BD25004DC662 /* Dog+CoreDataProperties.swift in Sources */,
				E7D565CE1E37BD25004DC662 /* Walk+CoreDataProperties.swift in Sources */,
				E7D565B51E37A69B004DC662 /* AppDelegate.swift in Sources */,
				E7D565CF1E37BD25004DC662 /* Dog+CoreDataClass.swift in Sources */,
			);
			runOnlyForDeploymentPostprocessing = 0;
		};
		E7D566101E37E43F004DC662 /* Sources */ = {
			isa = PBXSourcesBuildPhase;
			buildActionMask = 2147483647;
			files = (
				E7D566621E37E553004DC662 /* PriceInfo+CoreDataProperties.swift in Sources */,
				E7D5665E1E37E553004DC662 /* Category+CoreDataProperties.swift in Sources */,
				E7D5664F1E37E517004DC662 /* ViewController.swift in Sources */,
				E7D5665D1E37E553004DC662 /* Category+CoreDataClass.swift in Sources */,
				E7D566611E37E553004DC662 /* PriceInfo+CoreDataClass.swift in Sources */,
				E7D566651E37E553004DC662 /* Venue+CoreDataClass.swift in Sources */,
				E7D5664B1E37E517004DC662 /* CoreDataStack.swift in Sources */,
				E7D5665F1E37E553004DC662 /* Location+CoreDataClass.swift in Sources */,
				E7D566601E37E553004DC662 /* Location+CoreDataProperties.swift in Sources */,
				E7D566641E37E553004DC662 /* Stats+CoreDataProperties.swift in Sources */,
				E7D566491E37E517004DC662 /* AppDelegate.swift in Sources */,
				E7D566661E37E553004DC662 /* Venue+CoreDataProperties.swift in Sources */,
				E7D5664C1E37E517004DC662 /* FilterViewController.swift in Sources */,
				E7D566481E37E517004DC662 /* Bubble_Tea_Finder.xcdatamodeld in Sources */,
				E7D566631E37E553004DC662 /* Stats+CoreDataClass.swift in Sources */,
			);
			runOnlyForDeploymentPostprocessing = 0;
		};
/* End PBXSourcesBuildPhase section */

/* Begin PBXVariantGroup section */
		E7507FEE1E3ADA5E004F0826 /* Main.storyboard */ = {
			isa = PBXVariantGroup;
			children = (
				E7507FEF1E3ADA5E004F0826 /* Base */,
			);
			name = Main.storyboard;
			sourceTree = "<group>";
		};
		E7507FF31E3ADA5E004F0826 /* LaunchScreen.storyboard */ = {
			isa = PBXVariantGroup;
			children = (
				E7507FF41E3ADA5E004F0826 /* Base */,
			);
			name = LaunchScreen.storyboard;
			sourceTree = "<group>";
		};
		E75080191E3BCB60004F0826 /* Main.storyboard */ = {
			isa = PBXVariantGroup;
			children = (
				E750801A1E3BCB60004F0826 /* Base */,
			);
			name = Main.storyboard;
			sourceTree = "<group>";
		};
		E750801E1E3BCB60004F0826 /* LaunchScreen.storyboard */ = {
			isa = PBXVariantGroup;
			children = (
				E750801F1E3BCB60004F0826 /* Base */,
			);
			name = LaunchScreen.storyboard;
			sourceTree = "<group>";
		};
		E76DCCD51E36A44C00E1CB02 /* Main.storyboard */ = {
			isa = PBXVariantGroup;
			children = (
				E76DCCD61E36A44C00E1CB02 /* Base */,
			);
			name = Main.storyboard;
			sourceTree = "<group>";
		};
		E76DCCDD1E36A44C00E1CB02 /* LaunchScreen.storyboard */ = {
			isa = PBXVariantGroup;
			children = (
				E76DCCDE1E36A44C00E1CB02 /* Base */,
			);
			name = LaunchScreen.storyboard;
			sourceTree = "<group>";
		};
		E76DCD071E36DA4E00E1CB02 /* Main.storyboard */ = {
			isa = PBXVariantGroup;
			children = (
				E76DCD081E36DA4E00E1CB02 /* Base */,
			);
			name = Main.storyboard;
			sourceTree = "<group>";
		};
		E76DCD0F1E36DA4E00E1CB02 /* LaunchScreen.storyboard */ = {
			isa = PBXVariantGroup;
			children = (
				E76DCD101E36DA4E00E1CB02 /* Base */,
			);
			name = LaunchScreen.storyboard;
			sourceTree = "<group>";
		};
		E7D565B81E37A69B004DC662 /* Main.storyboard */ = {
			isa = PBXVariantGroup;
			children = (
				E7D565B91E37A69B004DC662 /* Base */,
			);
			name = Main.storyboard;
			sourceTree = "<group>";
		};
		E7D565BD1E37A69B004DC662 /* LaunchScreen.storyboard */ = {
			isa = PBXVariantGroup;
			children = (
				E7D565BE1E37A69B004DC662 /* Base */,
			);
			name = LaunchScreen.storyboard;
			sourceTree = "<group>";
		};
		E7D566671E37E563004DC662 /* LaunchScreen.storyboard */ = {
			isa = PBXVariantGroup;
			children = (
				E7D566681E37E563004DC662 /* Base */,
			);
			name = LaunchScreen.storyboard;
			sourceTree = "<group>";
		};
		E7D566691E37E563004DC662 /* Main.storyboard */ = {
			isa = PBXVariantGroup;
			children = (
				E7D5666A1E37E563004DC662 /* Base */,
			);
			name = Main.storyboard;
			sourceTree = "<group>";
		};
/* End PBXVariantGroup section */

/* Begin XCBuildConfiguration section */
		E7507FF81E3ADA5E004F0826 /* Debug */ = {
			isa = XCBuildConfiguration;
			buildSettings = {
				ASSETCATALOG_COMPILER_APPICON_NAME = AppIcon;
				DEVELOPMENT_TEAM = 5H9H3DSGAL;
				INFOPLIST_FILE = WorldCup/Info.plist;
				LD_RUNPATH_SEARCH_PATHS = "$(inherited) @executable_path/Frameworks";
				PRODUCT_BUNDLE_IDENTIFIER = www.qiaozhang.WorldCup;
				PRODUCT_NAME = "$(TARGET_NAME)";
				SWIFT_VERSION = 3.0;
			};
			name = Debug;
		};
		E7507FF91E3ADA5E004F0826 /* Release */ = {
			isa = XCBuildConfiguration;
			buildSettings = {
				ASSETCATALOG_COMPILER_APPICON_NAME = AppIcon;
				DEVELOPMENT_TEAM = 5H9H3DSGAL;
				INFOPLIST_FILE = WorldCup/Info.plist;
				LD_RUNPATH_SEARCH_PATHS = "$(inherited) @executable_path/Frameworks";
				PRODUCT_BUNDLE_IDENTIFIER = www.qiaozhang.WorldCup;
				PRODUCT_NAME = "$(TARGET_NAME)";
				SWIFT_VERSION = 3.0;
			};
			name = Release;
		};
		E75080231E3BCB60004F0826 /* Debug */ = {
			isa = XCBuildConfiguration;
			buildSettings = {
				ASSETCATALOG_COMPILER_APPICON_NAME = AppIcon;
				DEVELOPMENT_TEAM = 5H9H3DSGAL;
				INFOPLIST_FILE = UnCloudNotes/Info.plist;
				LD_RUNPATH_SEARCH_PATHS = "$(inherited) @executable_path/Frameworks";
				PRODUCT_BUNDLE_IDENTIFIER = www.qiaozhang.UnCloudNotes;
				PRODUCT_NAME = "$(TARGET_NAME)";
				SWIFT_VERSION = 3.0;
			};
			name = Debug;
		};
		E75080241E3BCB60004F0826 /* Release */ = {
			isa = XCBuildConfiguration;
			buildSettings = {
				ASSETCATALOG_COMPILER_APPICON_NAME = AppIcon;
				DEVELOPMENT_TEAM = 5H9H3DSGAL;
				INFOPLIST_FILE = UnCloudNotes/Info.plist;
				LD_RUNPATH_SEARCH_PATHS = "$(inherited) @executable_path/Frameworks";
				PRODUCT_BUNDLE_IDENTIFIER = www.qiaozhang.UnCloudNotes;
				PRODUCT_NAME = "$(TARGET_NAME)";
				SWIFT_VERSION = 3.0;
			};
			name = Release;
		};
		E76DCCC61E36A41800E1CB02 /* Debug */ = {
			isa = XCBuildConfiguration;
			buildSettings = {
				ALWAYS_SEARCH_USER_PATHS = NO;
				CLANG_ANALYZER_NONNULL = YES;
				CLANG_CXX_LANGUAGE_STANDARD = "gnu++0x";
				CLANG_CXX_LIBRARY = "libc++";
				CLANG_ENABLE_MODULES = YES;
				CLANG_ENABLE_OBJC_ARC = YES;
				CLANG_WARN_BOOL_CONVERSION = YES;
				CLANG_WARN_CONSTANT_CONVERSION = YES;
				CLANG_WARN_DIRECT_OBJC_ISA_USAGE = YES_ERROR;
				CLANG_WARN_DOCUMENTATION_COMMENTS = YES;
				CLANG_WARN_EMPTY_BODY = YES;
				CLANG_WARN_ENUM_CONVERSION = YES;
				CLANG_WARN_INFINITE_RECURSION = YES;
				CLANG_WARN_INT_CONVERSION = YES;
				CLANG_WARN_OBJC_ROOT_CLASS = YES_ERROR;
				CLANG_WARN_SUSPICIOUS_MOVE = YES;
				CLANG_WARN_UNREACHABLE_CODE = YES;
				CLANG_WARN__DUPLICATE_METHOD_MATCH = YES;
				"CODE_SIGN_IDENTITY[sdk=iphoneos*]" = "iPhone Developer";
				COPY_PHASE_STRIP = NO;
				DEBUG_INFORMATION_FORMAT = dwarf;
				ENABLE_STRICT_OBJC_MSGSEND = YES;
				ENABLE_TESTABILITY = YES;
				GCC_C_LANGUAGE_STANDARD = gnu99;
				GCC_DYNAMIC_NO_PIC = NO;
				GCC_NO_COMMON_BLOCKS = YES;
				GCC_OPTIMIZATION_LEVEL = 0;
				GCC_PREPROCESSOR_DEFINITIONS = (
					"DEBUG=1",
					"$(inherited)",
				);
				GCC_WARN_64_TO_32_BIT_CONVERSION = YES;
				GCC_WARN_ABOUT_RETURN_TYPE = YES_ERROR;
				GCC_WARN_UNDECLARED_SELECTOR = YES;
				GCC_WARN_UNINITIALIZED_AUTOS = YES_AGGRESSIVE;
				GCC_WARN_UNUSED_FUNCTION = YES;
				GCC_WARN_UNUSED_VARIABLE = YES;
				IPHONEOS_DEPLOYMENT_TARGET = 10.2;
				MTL_ENABLE_DEBUG_INFO = YES;
				ONLY_ACTIVE_ARCH = YES;
				SDKROOT = iphoneos;
				SWIFT_ACTIVE_COMPILATION_CONDITIONS = DEBUG;
				SWIFT_OPTIMIZATION_LEVEL = "-Onone";
			};
			name = Debug;
		};
		E76DCCC71E36A41800E1CB02 /* Release */ = {
			isa = XCBuildConfiguration;
			buildSettings = {
				ALWAYS_SEARCH_USER_PATHS = NO;
				CLANG_ANALYZER_NONNULL = YES;
				CLANG_CXX_LANGUAGE_STANDARD = "gnu++0x";
				CLANG_CXX_LIBRARY = "libc++";
				CLANG_ENABLE_MODULES = YES;
				CLANG_ENABLE_OBJC_ARC = YES;
				CLANG_WARN_BOOL_CONVERSION = YES;
				CLANG_WARN_CONSTANT_CONVERSION = YES;
				CLANG_WARN_DIRECT_OBJC_ISA_USAGE = YES_ERROR;
				CLANG_WARN_DOCUMENTATION_COMMENTS = YES;
				CLANG_WARN_EMPTY_BODY = YES;
				CLANG_WARN_ENUM_CONVERSION = YES;
				CLANG_WARN_INFINITE_RECURSION = YES;
				CLANG_WARN_INT_CONVERSION = YES;
				CLANG_WARN_OBJC_ROOT_CLASS = YES_ERROR;
				CLANG_WARN_SUSPICIOUS_MOVE = YES;
				CLANG_WARN_UNREACHABLE_CODE = YES;
				CLANG_WARN__DUPLICATE_METHOD_MATCH = YES;
				"CODE_SIGN_IDENTITY[sdk=iphoneos*]" = "iPhone Developer";
				COPY_PHASE_STRIP = NO;
				DEBUG_INFORMATION_FORMAT = "dwarf-with-dsym";
				ENABLE_NS_ASSERTIONS = NO;
				ENABLE_STRICT_OBJC_MSGSEND = YES;
				GCC_C_LANGUAGE_STANDARD = gnu99;
				GCC_NO_COMMON_BLOCKS = YES;
				GCC_WARN_64_TO_32_BIT_CONVERSION = YES;
				GCC_WARN_ABOUT_RETURN_TYPE = YES_ERROR;
				GCC_WARN_UNDECLARED_SELECTOR = YES;
				GCC_WARN_UNINITIALIZED_AUTOS = YES_AGGRESSIVE;
				GCC_WARN_UNUSED_FUNCTION = YES;
				GCC_WARN_UNUSED_VARIABLE = YES;
				IPHONEOS_DEPLOYMENT_TARGET = 10.2;
				MTL_ENABLE_DEBUG_INFO = NO;
				SDKROOT = iphoneos;
				SWIFT_OPTIMIZATION_LEVEL = "-Owholemodule";
				VALIDATE_PRODUCT = YES;
			};
			name = Release;
		};
		E76DCCE21E36A44C00E1CB02 /* Debug */ = {
			isa = XCBuildConfiguration;
			buildSettings = {
				ASSETCATALOG_COMPILER_APPICON_NAME = AppIcon;
				DEVELOPMENT_TEAM = 5H9H3DSGAL;
				INFOPLIST_FILE = HitList/Info.plist;
				LD_RUNPATH_SEARCH_PATHS = "$(inherited) @executable_path/Frameworks";
				PRODUCT_BUNDLE_IDENTIFIER = www.qiaozhang.HitList;
				PRODUCT_NAME = "$(TARGET_NAME)";
				SWIFT_VERSION = 3.0;
			};
			name = Debug;
		};
		E76DCCE31E36A44C00E1CB02 /* Release */ = {
			isa = XCBuildConfiguration;
			buildSettings = {
				ASSETCATALOG_COMPILER_APPICON_NAME = AppIcon;
				DEVELOPMENT_TEAM = 5H9H3DSGAL;
				INFOPLIST_FILE = HitList/Info.plist;
				LD_RUNPATH_SEARCH_PATHS = "$(inherited) @executable_path/Frameworks";
				PRODUCT_BUNDLE_IDENTIFIER = www.qiaozhang.HitList;
				PRODUCT_NAME = "$(TARGET_NAME)";
				SWIFT_VERSION = 3.0;
			};
			name = Release;
		};
		E76DCD141E36DA4E00E1CB02 /* Debug */ = {
			isa = XCBuildConfiguration;
			buildSettings = {
				ASSETCATALOG_COMPILER_APPICON_NAME = AppIcon;
				DEVELOPMENT_TEAM = 5H9H3DSGAL;
				INFOPLIST_FILE = "Bow Ties/Info.plist";
				LD_RUNPATH_SEARCH_PATHS = "$(inherited) @executable_path/Frameworks";
				PRODUCT_BUNDLE_IDENTIFIER = "www.qiaozhang.Bow-Ties";
				PRODUCT_NAME = "$(TARGET_NAME)";
				SWIFT_VERSION = 3.0;
			};
			name = Debug;
		};
		E76DCD151E36DA4E00E1CB02 /* Release */ = {
			isa = XCBuildConfiguration;
			buildSettings = {
				ASSETCATALOG_COMPILER_APPICON_NAME = AppIcon;
				DEVELOPMENT_TEAM = 5H9H3DSGAL;
				INFOPLIST_FILE = "Bow Ties/Info.plist";
				LD_RUNPATH_SEARCH_PATHS = "$(inherited) @executable_path/Frameworks";
				PRODUCT_BUNDLE_IDENTIFIER = "www.qiaozhang.Bow-Ties";
				PRODUCT_NAME = "$(TARGET_NAME)";
				SWIFT_VERSION = 3.0;
			};
			name = Release;
		};
		E7D565C11E37A69B004DC662 /* Debug */ = {
			isa = XCBuildConfiguration;
			buildSettings = {
				ASSETCATALOG_COMPILER_APPICON_NAME = AppIcon;
				DEVELOPMENT_TEAM = 5H9H3DSGAL;
				INFOPLIST_FILE = "Dog Walk/Info.plist";
				LD_RUNPATH_SEARCH_PATHS = "$(inherited) @executable_path/Frameworks";
				PRODUCT_BUNDLE_IDENTIFIER = "www.qiaozhang.Dog-Walk";
				PRODUCT_NAME = "$(TARGET_NAME)";
				SWIFT_VERSION = 3.0;
			};
			name = Debug;
		};
		E7D565C21E37A69B004DC662 /* Release */ = {
			isa = XCBuildConfiguration;
			buildSettings = {
				ASSETCATALOG_COMPILER_APPICON_NAME = AppIcon;
				DEVELOPMENT_TEAM = 5H9H3DSGAL;
				INFOPLIST_FILE = "Dog Walk/Info.plist";
				LD_RUNPATH_SEARCH_PATHS = "$(inherited) @executable_path/Frameworks";
				PRODUCT_BUNDLE_IDENTIFIER = "www.qiaozhang.Dog-Walk";
				PRODUCT_NAME = "$(TARGET_NAME)";
				SWIFT_VERSION = 3.0;
			};
			name = Release;
		};
		E7D566241E37E43F004DC662 /* Debug */ = {
			isa = XCBuildConfiguration;
			buildSettings = {
				ASSETCATALOG_COMPILER_APPICON_NAME = AppIcon;
				CLANG_ENABLE_MODULES = YES;
				DEVELOPMENT_TEAM = 5H9H3DSGAL;
				INFOPLIST_FILE = "Bubble Tea Finder/Info.plist";
				LD_RUNPATH_SEARCH_PATHS = "$(inherited) @executable_path/Frameworks";
				PRODUCT_BUNDLE_IDENTIFIER = "www.qiaozhang.Bubble-Tea-Finder";
				PRODUCT_NAME = "$(TARGET_NAME)";
				SWIFT_OPTIMIZATION_LEVEL = "-Onone";
				SWIFT_VERSION = 3.0;
			};
			name = Debug;
		};
		E7D566251E37E43F004DC662 /* Release */ = {
			isa = XCBuildConfiguration;
			buildSettings = {
				ASSETCATALOG_COMPILER_APPICON_NAME = AppIcon;
				CLANG_ENABLE_MODULES = YES;
				DEVELOPMENT_TEAM = 5H9H3DSGAL;
				INFOPLIST_FILE = "Bubble Tea Finder/Info.plist";
				LD_RUNPATH_SEARCH_PATHS = "$(inherited) @executable_path/Frameworks";
				PRODUCT_BUNDLE_IDENTIFIER = "www.qiaozhang.Bubble-Tea-Finder";
				PRODUCT_NAME = "$(TARGET_NAME)";
				SWIFT_VERSION = 3.0;
			};
			name = Release;
		};
/* End XCBuildConfiguration section */

/* Begin XCConfigurationList section */
		E7507FF71E3ADA5E004F0826 /* Build configuration list for PBXNativeTarget "WorldCup" */ = {
			isa = XCConfigurationList;
			buildConfigurations = (
				E7507FF81E3ADA5E004F0826 /* Debug */,
				E7507FF91E3ADA5E004F0826 /* Release */,
			);
			defaultConfigurationIsVisible = 0;
			defaultConfigurationName = Release;
		};
		E75080221E3BCB60004F0826 /* Build configuration list for PBXNativeTarget "UnCloudNotes" */ = {
			isa = XCConfigurationList;
			buildConfigurations = (
				E75080231E3BCB60004F0826 /* Debug */,
				E75080241E3BCB60004F0826 /* Release */,
			);
			defaultConfigurationIsVisible = 0;
			defaultConfigurationName = Release;
		};
		E76DCCB11E36A41800E1CB02 /* Build configuration list for PBXProject "CDbT" */ = {
			isa = XCConfigurationList;
			buildConfigurations = (
				E76DCCC61E36A41800E1CB02 /* Debug */,
				E76DCCC71E36A41800E1CB02 /* Release */,
			);
			defaultConfigurationIsVisible = 0;
			defaultConfigurationName = Release;
		};
		E76DCCE11E36A44C00E1CB02 /* Build configuration list for PBXNativeTarget "HitList" */ = {
			isa = XCConfigurationList;
			buildConfigurations = (
				E76DCCE21E36A44C00E1CB02 /* Debug */,
				E76DCCE31E36A44C00E1CB02 /* Release */,
			);
			defaultConfigurationIsVisible = 0;
			defaultConfigurationName = Release;
		};
		E76DCD131E36DA4E00E1CB02 /* Build configuration list for PBXNativeTarget "Bow Ties" */ = {
			isa = XCConfigurationList;
			buildConfigurations = (
				E76DCD141E36DA4E00E1CB02 /* Debug */,
				E76DCD151E36DA4E00E1CB02 /* Release */,
			);
			defaultConfigurationIsVisible = 0;
			defaultConfigurationName = Release;
		};
		E7D565C31E37A69B004DC662 /* Build configuration list for PBXNativeTarget "Dog Walk" */ = {
			isa = XCConfigurationList;
			buildConfigurations = (
				E7D565C11E37A69B004DC662 /* Debug */,
				E7D565C21E37A69B004DC662 /* Release */,
			);
			defaultConfigurationIsVisible = 0;
			defaultConfigurationName = Release;
		};
		E7D566231E37E43F004DC662 /* Build configuration list for PBXNativeTarget "Bubble Tea Finder" */ = {
			isa = XCConfigurationList;
			buildConfigurations = (
				E7D566241E37E43F004DC662 /* Debug */,
				E7D566251E37E43F004DC662 /* Release */,
			);
			defaultConfigurationIsVisible = 0;
			defaultConfigurationName = Release;
		};
/* End XCConfigurationList section */

/* Begin XCVersionGroup section */
		E75080001E3ADAFA004F0826 /* WorldCup.xcdatamodeld */ = {
			isa = XCVersionGroup;
			children = (
				E75080011E3ADAFA004F0826 /* WorldCup.xcdatamodel */,
			);
			currentVersion = E75080011E3ADAFA004F0826 /* WorldCup.xcdatamodel */;
			path = WorldCup.xcdatamodeld;
			sourceTree = "<group>";
			versionGroupType = wrapper.xcdatamodel;
		};
		E75080301E3BCD4D004F0826 /* UnCloudNotesDataModel.xcdatamodeld */ = {
			isa = XCVersionGroup;
			children = (
				E77C4B0D1E4D2FC800E7767A /* UnCloudNotesDataModel v3.xcdatamodel */,
				E77C4B0A1E4D08E700E7767A /* UnCloudNotesDataModel v2.xcdatamodel */,
				E75080311E3BCD4D004F0826 /* UnCloudNotesDataModel.xcdatamodel */,
			);
			currentVersion = E77C4B0D1E4D2FC800E7767A /* UnCloudNotesDataModel v3.xcdatamodel */;
			path = UnCloudNotesDataModel.xcdatamodeld;
			sourceTree = "<group>";
			versionGroupType = wrapper.xcdatamodel;
		};
		E76DCCD81E36A44C00E1CB02 /* HitList.xcdatamodeld */ = {
			isa = XCVersionGroup;
			children = (
				E76DCCD91E36A44C00E1CB02 /* HitList.xcdatamodel */,
			);
			currentVersion = E76DCCD91E36A44C00E1CB02 /* HitList.xcdatamodel */;
			path = HitList.xcdatamodeld;
			sourceTree = "<group>";
			versionGroupType = wrapper.xcdatamodel;
		};
		E76DCD0A1E36DA4E00E1CB02 /* Bow_Ties.xcdatamodeld */ = {
			isa = XCVersionGroup;
			children = (
				E76DCD0B1E36DA4E00E1CB02 /* Bow_Ties.xcdatamodel */,
			);
			currentVersion = E76DCD0B1E36DA4E00E1CB02 /* Bow_Ties.xcdatamodel */;
			path = Bow_Ties.xcdatamodeld;
			sourceTree = "<group>";
			versionGroupType = wrapper.xcdatamodel;
		};
		E7D565C61E37BC0C004DC662 /* Dog Walk.xcdatamodeld */ = {
			isa = XCVersionGroup;
			children = (
				E7D565C71E37BC0C004DC662 /* Dog Walk.xcdatamodel */,
			);
			currentVersion = E7D565C71E37BC0C004DC662 /* Dog Walk.xcdatamodel */;
			path = "Dog Walk.xcdatamodeld";
			sourceTree = "<group>";
			versionGroupType = wrapper.xcdatamodel;
		};
		E7D5663F1E37E517004DC662 /* Bubble_Tea_Finder.xcdatamodeld */ = {
			isa = XCVersionGroup;
			children = (
				E7D566401E37E517004DC662 /* Bubble_Tea_Finder.xcdatamodel */,
			);
			currentVersion = E7D566401E37E517004DC662 /* Bubble_Tea_Finder.xcdatamodel */;
			path = Bubble_Tea_Finder.xcdatamodeld;
			sourceTree = "<group>";
			versionGroupType = wrapper.xcdatamodel;
		};
/* End XCVersionGroup section */
	};
	rootObject = E76DCCAE1E36A41800E1CB02 /* Project object */;
}
